
Microsoft Visual Studio Solution File, Format Version 12.00
# Visual Studio 15
VisualStudioVersion = 15.0.28307.645
MinimumVisualStudioVersion = 10.0.40219.1
Project("{FAE04EC0-301F-11D3-BF4B-00C04F79EFBC}") = "GameBoyImageConverter", "GameBoyImageConverter\GameBoyImageConverter.csproj", "{8998B8AA-9695-475D-ABA5-A7FA79C7636B}"
EndProject
Global
	GlobalSection(SolutionConfigurationPlatforms) = preSolution
		Debug|Any CPU = Debug|Any CPU
		Release|Any CPU = Release|Any CPU
	EndGlobalSection
	GlobalSection(ProjectConfigurationPlatforms) = postSolution
		{8998B8AA-9695-475D-ABA5-A7FA79C7636B}.Debug|Any CPU.ActiveCfg = Debug|Any CPU
		{8998B8AA-9695-475D-ABA5-A7FA79C7636B}.Debug|Any CPU.Build.0 = Debug|Any CPU
		{8998B8AA-9695-475D-ABA5-A7FA79C7636B}.Release|Any CPU.ActiveCfg = Release|Any CPU
		{8998B8AA-9695-475D-ABA5-A7FA79C7636B}.Release|Any CPU.Build.0 = Release|Any CPU
	EndGlobalSection
	GlobalSection(SolutionProperties) = preSolution
		HideSolutionNode = FALSE
	EndGlobalSection
	GlobalSection(ExtensibilityGlobals) = postSolution
		SolutionGuid = {B1AC4E0B-E5AC-4C0F-864D-8D7EB998CDCF}
	EndGlobalSection
EndGlobal
